
Microsoft Visual Studio Solution File, Format Version 12.00
# Visual Studio 15
VisualStudioVersion = 15.0.27130.2036
MinimumVisualStudioVersion = 10.0.40219.1
Project("{FAE04EC0-301F-11D3-BF4B-00C04F79EFBC}") = "HipHopFile", "HipHopFile\HipHopFile.csproj", "{F68908E6-6947-477E-8A88-3130BE2FDB06}"
EndProject
Project("{FAE04EC0-301F-11D3-BF4B-00C04F79EFBC}") = "HipHopTool", "HipHopTool\HipHopTool.csproj", "{F45B7D49-0709-42BE-9F7C-0558F7A73B78}"
	ProjectSection(ProjectDependencies) = postProject
		{F68908E6-6947-477E-8A88-3130BE2FDB06} = {F68908E6-6947-477E-8A88-3130BE2FDB06}
	EndProjectSection
EndProject
Global
	GlobalSection(SolutionConfigurationPlatforms) = preSolution
		Debug|Any CPU = Debug|Any CPU
		Release|Any CPU = Release|Any CPU
	EndGlobalSection
	GlobalSection(ProjectConfigurationPlatforms) = postSolution
		{F68908E6-6947-477E-8A88-3130BE2FDB06}.Debug|Any CPU.ActiveCfg = Debug|Any CPU
		{F68908E6-6947-477E-8A88-3130BE2FDB06}.Debug|Any CPU.Build.0 = Debug|Any CPU
		{F68908E6-6947-477E-8A88-3130BE2FDB06}.Release|Any CPU.ActiveCfg = Release|Any CPU
		{F68908E6-6947-477E-8A88-3130BE2FDB06}.Release|Any CPU.Build.0 = Release|Any CPU
		{F45B7D49-0709-42BE-9F7C-0558F7A73B78}.Debug|Any CPU.ActiveCfg = Debug|Any CPU
		{F45B7D49-0709-42BE-9F7C-0558F7A73B78}.Debug|Any CPU.Build.0 = Debug|Any CPU
		{F45B7D49-0709-42BE-9F7C-0558F7A73B78}.Release|Any CPU.ActiveCfg = Release|Any CPU
		{F45B7D49-0709-42BE-9F7C-0558F7A73B78}.Release|Any CPU.Build.0 = Release|Any CPU
	EndGlobalSection
	GlobalSection(SolutionProperties) = preSolution
		HideSolutionNode = FALSE
	EndGlobalSection
	GlobalSection(ExtensibilityGlobals) = postSolution
		SolutionGuid = {121D61FE-444A-48CC-8A9C-4D98669F7DA5}
	EndGlobalSection
EndGlobal
